
Microsoft Visual Studio Solution File, Format Version 12.00
# Visual Studio 2012
Project("{FAE04EC0-301F-11D3-BF4B-00C04F79EFBC}") = "TimeSheet", "TimeSheet.csproj", "{3B54BA6F-6DEE-4B7B-92A7-362BE199593D}"
EndProject
Global
	GlobalSection(SolutionConfigurationPlatforms) = preSolution
		Debug|Any CPU = Debug|Any CPU
		Release|Any CPU = Release|Any CPU
	EndGlobalSection
	GlobalSection(ProjectConfigurationPlatforms) = postSolution
		{3B54BA6F-6DEE-4B7B-92A7-362BE199593D}.Debug|Any CPU.ActiveCfg = Debug|Any CPU
		{3B54BA6F-6DEE-4B7B-92A7-362BE199593D}.Debug|Any CPU.Build.0 = Debug|Any CPU
		{3B54BA6F-6DEE-4B7B-92A7-362BE199593D}.Release|Any CPU.ActiveCfg = Release|Any CPU
		{3B54BA6F-6DEE-4B7B-92A7-362BE199593D}.Release|Any CPU.Build.0 = Release|Any CPU
	EndGlobalSection
	GlobalSection(SolutionProperties) = preSolution
		HideSolutionNode = FALSE
	EndGlobalSection
EndGlobal
